
Microsoft Visual Studio Solution File, Format Version 12.00
# Visual Studio Version 16
VisualStudioVersion = 16.0.30104.148
MinimumVisualStudioVersion = 10.0.40219.1
Project("{F184B08F-C81C-45F6-A57F-5ABD9991F28F}") = "AquariusScaningStation", "Scanning_Station\AquariusScaningStation.vbproj", "{678A5FEF-5A4C-41B5-8DE1-4C8237BB238E}"
EndProject
Global
	GlobalSection(SolutionConfigurationPlatforms) = preSolution
		Debug|Any CPU = Debug|Any CPU
		Release|Any CPU = Release|Any CPU
	EndGlobalSection
	GlobalSection(ProjectConfigurationPlatforms) = postSolution
		{678A5FEF-5A4C-41B5-8DE1-4C8237BB238E}.Debug|Any CPU.ActiveCfg = Debug|Any CPU
		{678A5FEF-5A4C-41B5-8DE1-4C8237BB238E}.Debug|Any CPU.Build.0 = Debug|Any CPU
		{678A5FEF-5A4C-41B5-8DE1-4C8237BB238E}.Release|Any CPU.ActiveCfg = Release|Any CPU
		{678A5FEF-5A4C-41B5-8DE1-4C8237BB238E}.Release|Any CPU.Build.0 = Release|Any CPU
	EndGlobalSection
	GlobalSection(SolutionProperties) = preSolution
		HideSolutionNode = FALSE
	EndGlobalSection
	GlobalSection(ExtensibilityGlobals) = postSolution
		SolutionGuid = {FC6938F2-4C62-4BCC-A3F0-19309BBE194F}
	EndGlobalSection
EndGlobal
